// !$*UTF8*$!
{
	archiveVersion = 1;
	classes = {
	};
	objectVersion = 46;
	objects = {

/* Begin PBXBuildFile section */
		150359291DCFF719005AD597 /* AccountInfo.swift in Sources */ = {isa = PBXBuildFile; fileRef = 150359281DCFF719005AD597 /* AccountInfo.swift */; };
		1503592B1DD000DE005AD597 /* EditAccountInfo.swift in Sources */ = {isa = PBXBuildFile; fileRef = 1503592A1DD000DE005AD597 /* EditAccountInfo.swift */; };
		1503592D1DD03518005AD597 /* UserType.swift in Sources */ = {isa = PBXBuildFile; fileRef = 1503592C1DD03518005AD597 /* UserType.swift */; };
		150E9DBF1DF2405800915C2C /* CreateListingTest.swift in Sources */ = {isa = PBXBuildFile; fileRef = 150E9DBE1DF2405800915C2C /* CreateListingTest.swift */; };
		150E9DC11DF2436600915C2C /* FavoritePageTest.swift in Sources */ = {isa = PBXBuildFile; fileRef = 150E9DC01DF2436600915C2C /* FavoritePageTest.swift */; };
		150E9DC31DF2498A00915C2C /* SearchAndFilterTest.swift in Sources */ = {isa = PBXBuildFile; fileRef = 150E9DC21DF2498A00915C2C /* SearchAndFilterTest.swift */; };
		1516D1521E36BDFF009FBCB3 /* EditListing.swift in Sources */ = {isa = PBXBuildFile; fileRef = 1516D1511E36BDFF009FBCB3 /* EditListing.swift */; };
		151930381DE25D1900858B8A /* ListingPage.swift in Sources */ = {isa = PBXBuildFile; fileRef = 151930371DE25D1900858B8A /* ListingPage.swift */; };
		153E3FF41E4FD9D600E4EF33 /* FavoriteListingPage.swift in Sources */ = {isa = PBXBuildFile; fileRef = 153E3FF31E4FD9D600E4EF33 /* FavoriteListingPage.swift */; };
		153FBDBB1E68F83A008E4B41 /* ApproveNewListings.swift in Sources */ = {isa = PBXBuildFile; fileRef = 153FBDBA1E68F83A008E4B41 /* ApproveNewListings.swift */; };
		153FBDBD1E68FA13008E4B41 /* AdminListingPage.swift in Sources */ = {isa = PBXBuildFile; fileRef = 153FBDBC1E68FA13008E4B41 /* AdminListingPage.swift */; };
		153FBDBF1E68FA69008E4B41 /* EditAdminListing.swift in Sources */ = {isa = PBXBuildFile; fileRef = 153FBDBE1E68FA69008E4B41 /* EditAdminListing.swift */; };
		153FBDC11E690311008E4B41 /* ApproveNewListingPage.swift in Sources */ = {isa = PBXBuildFile; fileRef = 153FBDC01E690311008E4B41 /* ApproveNewListingPage.swift */; };
		154C50B31DE23C1400F39D67 /* Listing.swift in Sources */ = {isa = PBXBuildFile; fileRef = 154C50B21DE23C1400F39D67 /* Listing.swift */; };
		155C36B81DC4205A00154B12 /* Login.swift in Sources */ = {isa = PBXBuildFile; fileRef = 155C36B71DC4205A00154B12 /* Login.swift */; };
		15635E581DCC0E0B003F7812 /* StudentHomePage.swift in Sources */ = {isa = PBXBuildFile; fileRef = 15635E571DCC0E0B003F7812 /* StudentHomePage.swift */; };
		15635E5A1DCC0F1E003F7812 /* AdminHomePage.swift in Sources */ = {isa = PBXBuildFile; fileRef = 15635E591DCC0F1E003F7812 /* AdminHomePage.swift */; };
		15635E5C1DCC0F2C003F7812 /* LandlordHomePage.swift in Sources */ = {isa = PBXBuildFile; fileRef = 15635E5B1DCC0F2C003F7812 /* LandlordHomePage.swift */; };
		15A0392E1DECDD9900FD2101 /* CreateListing.swift in Sources */ = {isa = PBXBuildFile; fileRef = 15A0392D1DECDD9900FD2101 /* CreateListing.swift */; };
		15A039361DECEBCE00FD2101 /* OchaTests.swift in Sources */ = {isa = PBXBuildFile; fileRef = 15A039351DECEBCE00FD2101 /* OchaTests.swift */; };
		15A039411DECEEA400FD2101 /* LoginTest.swift in Sources */ = {isa = PBXBuildFile; fileRef = 15A039401DECEEA400FD2101 /* LoginTest.swift */; };
		15A039431DECF11800FD2101 /* StudentHomePageTest.swift in Sources */ = {isa = PBXBuildFile; fileRef = 15A039421DECF11800FD2101 /* StudentHomePageTest.swift */; };
		15A0394B1DED098D00FD2101 /* OchaUITests.swift in Sources */ = {isa = PBXBuildFile; fileRef = 15A0394A1DED098D00FD2101 /* OchaUITests.swift */; };
		15A039531DED09A800FD2101 /* LoginUITest.swift in Sources */ = {isa = PBXBuildFile; fileRef = 15A039521DED09A800FD2101 /* LoginUITest.swift */; };
		15A5EEC11DD6752100F1D8A1 /* StudentTabController.swift in Sources */ = {isa = PBXBuildFile; fileRef = 15A5EEC01DD6752000F1D8A1 /* StudentTabController.swift */; };
		15A5EEC31DD67A2500F1D8A1 /* LandlordTabController.swift in Sources */ = {isa = PBXBuildFile; fileRef = 15A5EEC21DD67A2500F1D8A1 /* LandlordTabController.swift */; };
		15A5EEC51DD67A2F00F1D8A1 /* AdminTabController.swift in Sources */ = {isa = PBXBuildFile; fileRef = 15A5EEC41DD67A2F00F1D8A1 /* AdminTabController.swift */; };
		15A5EED11DD6855A00F1D8A1 /* SearchAndFilter.swift in Sources */ = {isa = PBXBuildFile; fileRef = 15A5EED01DD6855A00F1D8A1 /* SearchAndFilter.swift */; };
		15A5EED31DD6857600F1D8A1 /* FavoritesPage.swift in Sources */ = {isa = PBXBuildFile; fileRef = 15A5EED21DD6857600F1D8A1 /* FavoritesPage.swift */; };
		15B25DB71E6A4ACB00503C03 /* ApproveEdits.swift in Sources */ = {isa = PBXBuildFile; fileRef = 15B25DB61E6A4ACB00503C03 /* ApproveEdits.swift */; };
		15B25DB91E6A4B6400503C03 /* ApproveEditsPage.swift in Sources */ = {isa = PBXBuildFile; fileRef = 15B25DB81E6A4B6400503C03 /* ApproveEditsPage.swift */; };
		15BFB8001E7F4576003A6849 /* FavoriteTableViewCell.swift in Sources */ = {isa = PBXBuildFile; fileRef = 15BFB7FF1E7F4576003A6849 /* FavoriteTableViewCell.swift */; };
		15BFB8021E7F4584003A6849 /* StudentTableViewCell.swift in Sources */ = {isa = PBXBuildFile; fileRef = 15BFB8011E7F4584003A6849 /* StudentTableViewCell.swift */; };
		15BFB8041E7F45B0003A6849 /* AdminTableViewCell.swift in Sources */ = {isa = PBXBuildFile; fileRef = 15BFB8031E7F45B0003A6849 /* AdminTableViewCell.swift */; };
		15BFB8061E7F45DF003A6849 /* ApproveEditTableViewCell.swift in Sources */ = {isa = PBXBuildFile; fileRef = 15BFB8051E7F45DF003A6849 /* ApproveEditTableViewCell.swift */; };
		15BFB8081E7F45F3003A6849 /* ApproveNewListTableViewCell.swift in Sources */ = {isa = PBXBuildFile; fileRef = 15BFB8071E7F45F3003A6849 /* ApproveNewListTableViewCell.swift */; };
		15C308B41E7335C2002A8BAC /* UserTableViewCell.swift in Sources */ = {isa = PBXBuildFile; fileRef = 15C308B31E7335C2002A8BAC /* UserTableViewCell.swift */; };
		15C308B61E73364A002A8BAC /* ManageUsers.swift in Sources */ = {isa = PBXBuildFile; fileRef = 15C308B51E73364A002A8BAC /* ManageUsers.swift */; };
		15D733AC1E5CED2E001915B1 /* LandlordListingPage.swift in Sources */ = {isa = PBXBuildFile; fileRef = 15D733AB1E5CED2E001915B1 /* LandlordListingPage.swift */; };
		15E63D5A1E5FBF490090E37F /* FavoritesMap.swift in Sources */ = {isa = PBXBuildFile; fileRef = 15E63D591E5FBF490090E37F /* FavoritesMap.swift */; };
		77FC09C91BEAD1A78A8AD80C /* Pods_Ocha.framework in Frameworks */ = {isa = PBXBuildFile; fileRef = 3E85B77C9845080382DC0D46 /* Pods_Ocha.framework */; };
		7C20DED11E7230D000E1A082 /* FireUser.swift in Sources */ = {isa = PBXBuildFile; fileRef = 7C20DED01E7230D000E1A082 /* FireUser.swift */; };
		7C2B9F351E3C14F200F6859F /* Extensions.swift in Sources */ = {isa = PBXBuildFile; fileRef = 7C2B9F341E3C14F200F6859F /* Extensions.swift */; };
		7C854E4F1DC400AD00E02883 /* AppDelegate.swift in Sources */ = {isa = PBXBuildFile; fileRef = 7C854E4E1DC400AD00E02883 /* AppDelegate.swift */; };
		7C854E511DC400AD00E02883 /* CreateAccount.swift in Sources */ = {isa = PBXBuildFile; fileRef = 7C854E501DC400AD00E02883 /* CreateAccount.swift */; };
		7C854E531DC400AD00E02883 /* SecondViewController.swift in Sources */ = {isa = PBXBuildFile; fileRef = 7C854E521DC400AD00E02883 /* SecondViewController.swift */; };
		7C854E561DC400AD00E02883 /* Main.storyboard in Resources */ = {isa = PBXBuildFile; fileRef = 7C854E541DC400AD00E02883 /* Main.storyboard */; };
		7C854E581DC400AD00E02883 /* Assets.xcassets in Resources */ = {isa = PBXBuildFile; fileRef = 7C854E571DC400AD00E02883 /* Assets.xcassets */; };
		7C854E5B1DC400AD00E02883 /* LaunchScreen.storyboard in Resources */ = {isa = PBXBuildFile; fileRef = 7C854E591DC400AD00E02883 /* LaunchScreen.storyboard */; };
		7C89D4E91DC993C200326666 /* GoogleService-Info.plist in Resources */ = {isa = PBXBuildFile; fileRef = 7C89D4E81DC993C200326666 /* GoogleService-Info.plist */; };
		7C99E85A1DDFCEF000C7CE03 /* ListingTableViewCell.swift in Sources */ = {isa = PBXBuildFile; fileRef = 7C99E8591DDFCEF000C7CE03 /* ListingTableViewCell.swift */; };
		7CF00CD41E74C30A00598169 /* LandlordTableViewCell.swift in Sources */ = {isa = PBXBuildFile; fileRef = 7CF00CD31E74C30A00598169 /* LandlordTableViewCell.swift */; };
/* End PBXBuildFile section */

/* Begin PBXContainerItemProxy section */
		15A039381DECEBCE00FD2101 /* PBXContainerItemProxy */ = {
			isa = PBXContainerItemProxy;
			containerPortal = 7C854E431DC400AD00E02883 /* Project object */;
			proxyType = 1;
			remoteGlobalIDString = 7C854E4A1DC400AD00E02883;
			remoteInfo = Ocha;
		};
		15A0394D1DED098D00FD2101 /* PBXContainerItemProxy */ = {
			isa = PBXContainerItemProxy;
			containerPortal = 7C854E431DC400AD00E02883 /* Project object */;
			proxyType = 1;
			remoteGlobalIDString = 7C854E4A1DC400AD00E02883;
			remoteInfo = Ocha;
		};
/* End PBXContainerItemProxy section */

/* Begin PBXFileReference section */
		150359281DCFF719005AD597 /* AccountInfo.swift */ = {isa = PBXFileReference; fileEncoding = 4; lastKnownFileType = sourcecode.swift; path = AccountInfo.swift; sourceTree = "<group>"; };
		1503592A1DD000DE005AD597 /* EditAccountInfo.swift */ = {isa = PBXFileReference; fileEncoding = 4; lastKnownFileType = sourcecode.swift; path = EditAccountInfo.swift; sourceTree = "<group>"; };
		1503592C1DD03518005AD597 /* UserType.swift */ = {isa = PBXFileReference; fileEncoding = 4; lastKnownFileType = sourcecode.swift; path = UserType.swift; sourceTree = "<group>"; };
		150E9DBE1DF2405800915C2C /* CreateListingTest.swift */ = {isa = PBXFileReference; fileEncoding = 4; lastKnownFileType = sourcecode.swift; path = CreateListingTest.swift; sourceTree = "<group>"; };
		150E9DC01DF2436600915C2C /* FavoritePageTest.swift */ = {isa = PBXFileReference; fileEncoding = 4; lastKnownFileType = sourcecode.swift; path = FavoritePageTest.swift; sourceTree = "<group>"; };
		150E9DC21DF2498A00915C2C /* SearchAndFilterTest.swift */ = {isa = PBXFileReference; fileEncoding = 4; lastKnownFileType = sourcecode.swift; path = SearchAndFilterTest.swift; sourceTree = "<group>"; };
		1516D1511E36BDFF009FBCB3 /* EditListing.swift */ = {isa = PBXFileReference; fileEncoding = 4; lastKnownFileType = sourcecode.swift; path = EditListing.swift; sourceTree = "<group>"; };
		151930371DE25D1900858B8A /* ListingPage.swift */ = {isa = PBXFileReference; fileEncoding = 4; lastKnownFileType = sourcecode.swift; path = ListingPage.swift; sourceTree = "<group>"; };
		153E3FF31E4FD9D600E4EF33 /* FavoriteListingPage.swift */ = {isa = PBXFileReference; fileEncoding = 4; lastKnownFileType = sourcecode.swift; path = FavoriteListingPage.swift; sourceTree = "<group>"; };
		153FBDBA1E68F83A008E4B41 /* ApproveNewListings.swift */ = {isa = PBXFileReference; fileEncoding = 4; lastKnownFileType = sourcecode.swift; path = ApproveNewListings.swift; sourceTree = "<group>"; };
		153FBDBC1E68FA13008E4B41 /* AdminListingPage.swift */ = {isa = PBXFileReference; fileEncoding = 4; lastKnownFileType = sourcecode.swift; path = AdminListingPage.swift; sourceTree = "<group>"; };
		153FBDBE1E68FA69008E4B41 /* EditAdminListing.swift */ = {isa = PBXFileReference; fileEncoding = 4; lastKnownFileType = sourcecode.swift; path = EditAdminListing.swift; sourceTree = "<group>"; };
		153FBDC01E690311008E4B41 /* ApproveNewListingPage.swift */ = {isa = PBXFileReference; fileEncoding = 4; lastKnownFileType = sourcecode.swift; path = ApproveNewListingPage.swift; sourceTree = "<group>"; };
		154C50B21DE23C1400F39D67 /* Listing.swift */ = {isa = PBXFileReference; fileEncoding = 4; lastKnownFileType = sourcecode.swift; path = Listing.swift; sourceTree = "<group>"; };
		155C36B71DC4205A00154B12 /* Login.swift */ = {isa = PBXFileReference; fileEncoding = 4; lastKnownFileType = sourcecode.swift; path = Login.swift; sourceTree = "<group>"; };
		15635E571DCC0E0B003F7812 /* StudentHomePage.swift */ = {isa = PBXFileReference; fileEncoding = 4; lastKnownFileType = sourcecode.swift; path = StudentHomePage.swift; sourceTree = "<group>"; };
		15635E591DCC0F1E003F7812 /* AdminHomePage.swift */ = {isa = PBXFileReference; fileEncoding = 4; lastKnownFileType = sourcecode.swift; path = AdminHomePage.swift; sourceTree = "<group>"; };
		15635E5B1DCC0F2C003F7812 /* LandlordHomePage.swift */ = {isa = PBXFileReference; fileEncoding = 4; lastKnownFileType = sourcecode.swift; path = LandlordHomePage.swift; sourceTree = "<group>"; };
		15A0392D1DECDD9900FD2101 /* CreateListing.swift */ = {isa = PBXFileReference; fileEncoding = 4; lastKnownFileType = sourcecode.swift; path = CreateListing.swift; sourceTree = "<group>"; };
		15A039331DECEBCD00FD2101 /* OchaTests.xctest */ = {isa = PBXFileReference; explicitFileType = wrapper.cfbundle; includeInIndex = 0; path = OchaTests.xctest; sourceTree = BUILT_PRODUCTS_DIR; };
		15A039351DECEBCE00FD2101 /* OchaTests.swift */ = {isa = PBXFileReference; lastKnownFileType = sourcecode.swift; path = OchaTests.swift; sourceTree = "<group>"; };
		15A039371DECEBCE00FD2101 /* Info.plist */ = {isa = PBXFileReference; lastKnownFileType = text.plist.xml; path = Info.plist; sourceTree = "<group>"; };
		15A039401DECEEA400FD2101 /* LoginTest.swift */ = {isa = PBXFileReference; fileEncoding = 4; lastKnownFileType = sourcecode.swift; path = LoginTest.swift; sourceTree = "<group>"; };
		15A039421DECF11800FD2101 /* StudentHomePageTest.swift */ = {isa = PBXFileReference; fileEncoding = 4; lastKnownFileType = sourcecode.swift; path = StudentHomePageTest.swift; sourceTree = "<group>"; };
		15A039481DED098C00FD2101 /* OchaUITests.xctest */ = {isa = PBXFileReference; explicitFileType = wrapper.cfbundle; includeInIndex = 0; path = OchaUITests.xctest; sourceTree = BUILT_PRODUCTS_DIR; };
		15A0394A1DED098D00FD2101 /* OchaUITests.swift */ = {isa = PBXFileReference; lastKnownFileType = sourcecode.swift; path = OchaUITests.swift; sourceTree = "<group>"; };
		15A0394C1DED098D00FD2101 /* Info.plist */ = {isa = PBXFileReference; lastKnownFileType = text.plist.xml; path = Info.plist; sourceTree = "<group>"; };
		15A039521DED09A800FD2101 /* LoginUITest.swift */ = {isa = PBXFileReference; fileEncoding = 4; lastKnownFileType = sourcecode.swift; path = LoginUITest.swift; sourceTree = "<group>"; };
		15A5EEC01DD6752000F1D8A1 /* StudentTabController.swift */ = {isa = PBXFileReference; fileEncoding = 4; lastKnownFileType = sourcecode.swift; path = StudentTabController.swift; sourceTree = "<group>"; };
		15A5EEC21DD67A2500F1D8A1 /* LandlordTabController.swift */ = {isa = PBXFileReference; fileEncoding = 4; lastKnownFileType = sourcecode.swift; path = LandlordTabController.swift; sourceTree = "<group>"; };
		15A5EEC41DD67A2F00F1D8A1 /* AdminTabController.swift */ = {isa = PBXFileReference; fileEncoding = 4; lastKnownFileType = sourcecode.swift; path = AdminTabController.swift; sourceTree = "<group>"; };
		15A5EED01DD6855A00F1D8A1 /* SearchAndFilter.swift */ = {isa = PBXFileReference; fileEncoding = 4; lastKnownFileType = sourcecode.swift; path = SearchAndFilter.swift; sourceTree = "<group>"; };
		15A5EED21DD6857600F1D8A1 /* FavoritesPage.swift */ = {isa = PBXFileReference; fileEncoding = 4; lastKnownFileType = sourcecode.swift; path = FavoritesPage.swift; sourceTree = "<group>"; };
		15B25DB61E6A4ACB00503C03 /* ApproveEdits.swift */ = {isa = PBXFileReference; fileEncoding = 4; lastKnownFileType = sourcecode.swift; path = ApproveEdits.swift; sourceTree = "<group>"; };
		15B25DB81E6A4B6400503C03 /* ApproveEditsPage.swift */ = {isa = PBXFileReference; fileEncoding = 4; lastKnownFileType = sourcecode.swift; path = ApproveEditsPage.swift; sourceTree = "<group>"; };
		15BFB7FF1E7F4576003A6849 /* FavoriteTableViewCell.swift */ = {isa = PBXFileReference; fileEncoding = 4; lastKnownFileType = sourcecode.swift; path = FavoriteTableViewCell.swift; sourceTree = "<group>"; };
		15BFB8011E7F4584003A6849 /* StudentTableViewCell.swift */ = {isa = PBXFileReference; fileEncoding = 4; lastKnownFileType = sourcecode.swift; path = StudentTableViewCell.swift; sourceTree = "<group>"; };
		15BFB8031E7F45B0003A6849 /* AdminTableViewCell.swift */ = {isa = PBXFileReference; fileEncoding = 4; lastKnownFileType = sourcecode.swift; path = AdminTableViewCell.swift; sourceTree = "<group>"; };
		15BFB8051E7F45DF003A6849 /* ApproveEditTableViewCell.swift */ = {isa = PBXFileReference; fileEncoding = 4; lastKnownFileType = sourcecode.swift; path = ApproveEditTableViewCell.swift; sourceTree = "<group>"; };
		15BFB8071E7F45F3003A6849 /* ApproveNewListTableViewCell.swift */ = {isa = PBXFileReference; fileEncoding = 4; lastKnownFileType = sourcecode.swift; path = ApproveNewListTableViewCell.swift; sourceTree = "<group>"; };
		15C308B31E7335C2002A8BAC /* UserTableViewCell.swift */ = {isa = PBXFileReference; fileEncoding = 4; lastKnownFileType = sourcecode.swift; path = UserTableViewCell.swift; sourceTree = "<group>"; };
		15C308B51E73364A002A8BAC /* ManageUsers.swift */ = {isa = PBXFileReference; fileEncoding = 4; lastKnownFileType = sourcecode.swift; path = ManageUsers.swift; sourceTree = "<group>"; };
		15D733AB1E5CED2E001915B1 /* LandlordListingPage.swift */ = {isa = PBXFileReference; fileEncoding = 4; lastKnownFileType = sourcecode.swift; path = LandlordListingPage.swift; sourceTree = "<group>"; };
		15E63D591E5FBF490090E37F /* FavoritesMap.swift */ = {isa = PBXFileReference; fileEncoding = 4; lastKnownFileType = sourcecode.swift; path = FavoritesMap.swift; sourceTree = "<group>"; };
		3E85B77C9845080382DC0D46 /* Pods_Ocha.framework */ = {isa = PBXFileReference; explicitFileType = wrapper.framework; includeInIndex = 0; path = Pods_Ocha.framework; sourceTree = BUILT_PRODUCTS_DIR; };
		52E3FF2C00B97A7DB8DC3C7B /* Pods-Ocha.release.xcconfig */ = {isa = PBXFileReference; includeInIndex = 1; lastKnownFileType = text.xcconfig; name = "Pods-Ocha.release.xcconfig"; path = "Pods/Target Support Files/Pods-Ocha/Pods-Ocha.release.xcconfig"; sourceTree = "<group>"; };
		5B801FB41E60B79900532A1B /* MapKit.framework */ = {isa = PBXFileReference; lastKnownFileType = wrapper.framework; name = MapKit.framework; path = System/Library/Frameworks/MapKit.framework; sourceTree = SDKROOT; };
		7C20DED01E7230D000E1A082 /* FireUser.swift */ = {isa = PBXFileReference; fileEncoding = 4; lastKnownFileType = sourcecode.swift; path = FireUser.swift; sourceTree = "<group>"; };
		7C2B9F341E3C14F200F6859F /* Extensions.swift */ = {isa = PBXFileReference; fileEncoding = 4; lastKnownFileType = sourcecode.swift; path = Extensions.swift; sourceTree = "<group>"; };
		7C854E4B1DC400AD00E02883 /* Ocha.app */ = {isa = PBXFileReference; explicitFileType = wrapper.application; includeInIndex = 0; path = Ocha.app; sourceTree = BUILT_PRODUCTS_DIR; };
		7C854E4E1DC400AD00E02883 /* AppDelegate.swift */ = {isa = PBXFileReference; lastKnownFileType = sourcecode.swift; path = AppDelegate.swift; sourceTree = "<group>"; };
		7C854E501DC400AD00E02883 /* CreateAccount.swift */ = {isa = PBXFileReference; lastKnownFileType = sourcecode.swift; path = CreateAccount.swift; sourceTree = "<group>"; };
		7C854E521DC400AD00E02883 /* SecondViewController.swift */ = {isa = PBXFileReference; lastKnownFileType = sourcecode.swift; path = SecondViewController.swift; sourceTree = "<group>"; };
		7C854E551DC400AD00E02883 /* Base */ = {isa = PBXFileReference; lastKnownFileType = file.storyboard; name = Base; path = Base.lproj/Main.storyboard; sourceTree = "<group>"; };
		7C854E571DC400AD00E02883 /* Assets.xcassets */ = {isa = PBXFileReference; lastKnownFileType = folder.assetcatalog; path = Assets.xcassets; sourceTree = "<group>"; };
		7C854E5A1DC400AD00E02883 /* Base */ = {isa = PBXFileReference; lastKnownFileType = file.storyboard; name = Base; path = Base.lproj/LaunchScreen.storyboard; sourceTree = "<group>"; };
		7C854E5C1DC400AD00E02883 /* Info.plist */ = {isa = PBXFileReference; lastKnownFileType = text.plist.xml; path = Info.plist; sourceTree = "<group>"; };
		7C89D4E41DC9782F00326666 /* Ocha.entitlements */ = {isa = PBXFileReference; lastKnownFileType = text.plist.entitlements; path = Ocha.entitlements; sourceTree = "<group>"; };
		7C89D4E51DC97F8B00326666 /* Ocha-Bridging-Header.h */ = {isa = PBXFileReference; lastKnownFileType = sourcecode.c.h; path = "Ocha-Bridging-Header.h"; sourceTree = "<group>"; };
		7C89D4E81DC993C200326666 /* GoogleService-Info.plist */ = {isa = PBXFileReference; fileEncoding = 4; lastKnownFileType = text.plist.xml; path = "GoogleService-Info.plist"; sourceTree = "<group>"; };
		7C99E8591DDFCEF000C7CE03 /* ListingTableViewCell.swift */ = {isa = PBXFileReference; fileEncoding = 4; lastKnownFileType = sourcecode.swift; path = ListingTableViewCell.swift; sourceTree = "<group>"; };
		7CF00CD31E74C30A00598169 /* LandlordTableViewCell.swift */ = {isa = PBXFileReference; fileEncoding = 4; lastKnownFileType = sourcecode.swift; path = LandlordTableViewCell.swift; sourceTree = "<group>"; };
		9E0779C18BEFFFDCBE19F451 /* Pods-Ocha.debug.xcconfig */ = {isa = PBXFileReference; includeInIndex = 1; lastKnownFileType = text.xcconfig; name = "Pods-Ocha.debug.xcconfig"; path = "Pods/Target Support Files/Pods-Ocha/Pods-Ocha.debug.xcconfig"; sourceTree = "<group>"; };
/* End PBXFileReference section */

/* Begin PBXFrameworksBuildPhase section */
		15A039301DECEBCD00FD2101 /* Frameworks */ = {
			isa = PBXFrameworksBuildPhase;
			buildActionMask = 2147483647;
			files = (
			);
			runOnlyForDeploymentPostprocessing = 0;
		};
		15A039451DED098C00FD2101 /* Frameworks */ = {
			isa = PBXFrameworksBuildPhase;
			buildActionMask = 2147483647;
			files = (
			);
			runOnlyForDeploymentPostprocessing = 0;
		};
		7C854E481DC400AD00E02883 /* Frameworks */ = {
			isa = PBXFrameworksBuildPhase;
			buildActionMask = 2147483647;
			files = (
				77FC09C91BEAD1A78A8AD80C /* Pods_Ocha.framework in Frameworks */,
			);
			runOnlyForDeploymentPostprocessing = 0;
		};
/* End PBXFrameworksBuildPhase section */

/* Begin PBXGroup section */
		15A039341DECEBCE00FD2101 /* OchaTests */ = {
			isa = PBXGroup;
			children = (
				15A039351DECEBCE00FD2101 /* OchaTests.swift */,
				15A039371DECEBCE00FD2101 /* Info.plist */,
				150E9DBE1DF2405800915C2C /* CreateListingTest.swift */,
				150E9DC21DF2498A00915C2C /* SearchAndFilterTest.swift */,
				15A039401DECEEA400FD2101 /* LoginTest.swift */,
				15A039421DECF11800FD2101 /* StudentHomePageTest.swift */,
				150E9DC01DF2436600915C2C /* FavoritePageTest.swift */,
			);
			path = OchaTests;
			sourceTree = "<group>";
		};
		15A039491DED098C00FD2101 /* OchaUITests */ = {
			isa = PBXGroup;
			children = (
				15A0394A1DED098D00FD2101 /* OchaUITests.swift */,
				15A039521DED09A800FD2101 /* LoginUITest.swift */,
				15A0394C1DED098D00FD2101 /* Info.plist */,
			);
			path = OchaUITests;
			sourceTree = "<group>";
		};
		7C854E421DC400AD00E02883 = {
			isa = PBXGroup;
			children = (
				7C854E4D1DC400AD00E02883 /* Ocha */,
				15A039341DECEBCE00FD2101 /* OchaTests */,
				15A039491DED098C00FD2101 /* OchaUITests */,
				7C854E4C1DC400AD00E02883 /* Products */,
				A7E8886066EE2B9CC47C4C3D /* Pods */,
				C7AED9CF7539A70DE2B3ECE5 /* Frameworks */,
			);
			sourceTree = "<group>";
		};
		7C854E4C1DC400AD00E02883 /* Products */ = {
			isa = PBXGroup;
			children = (
				7C854E4B1DC400AD00E02883 /* Ocha.app */,
				15A039331DECEBCD00FD2101 /* OchaTests.xctest */,
				15A039481DED098C00FD2101 /* OchaUITests.xctest */,
			);
			name = Products;
			sourceTree = "<group>";
		};
		7C854E4D1DC400AD00E02883 /* Ocha */ = {
			isa = PBXGroup;
			children = (
				7C2B9F341E3C14F200F6859F /* Extensions.swift */,
				7C89D4E41DC9782F00326666 /* Ocha.entitlements */,
				1503592C1DD03518005AD597 /* UserType.swift */,
				151930371DE25D1900858B8A /* ListingPage.swift */,
				7C854E4E1DC400AD00E02883 /* AppDelegate.swift */,
				15A5EEC21DD67A2500F1D8A1 /* LandlordTabController.swift */,
				15A0392D1DECDD9900FD2101 /* CreateListing.swift */,
				15635E571DCC0E0B003F7812 /* StudentHomePage.swift */,
				15635E5B1DCC0F2C003F7812 /* LandlordHomePage.swift */,
				15A5EEC41DD67A2F00F1D8A1 /* AdminTabController.swift */,
				150359281DCFF719005AD597 /* AccountInfo.swift */,
				15635E591DCC0F1E003F7812 /* AdminHomePage.swift */,
				7C854E501DC400AD00E02883 /* CreateAccount.swift */,
				153FBDBC1E68FA13008E4B41 /* AdminListingPage.swift */,
				155C36B71DC4205A00154B12 /* Login.swift */,
				15C308B51E73364A002A8BAC /* ManageUsers.swift */,
				153FBDC01E690311008E4B41 /* ApproveNewListingPage.swift */,
				153FBDBA1E68F83A008E4B41 /* ApproveNewListings.swift */,
				15D733AB1E5CED2E001915B1 /* LandlordListingPage.swift */,
				7C854E521DC400AD00E02883 /* SecondViewController.swift */,
				15A5EEC01DD6752000F1D8A1 /* StudentTabController.swift */,
				15E63D591E5FBF490090E37F /* FavoritesMap.swift */,
				153FBDBE1E68FA69008E4B41 /* EditAdminListing.swift */,
				15B25DB61E6A4ACB00503C03 /* ApproveEdits.swift */,
				15A5EED21DD6857600F1D8A1 /* FavoritesPage.swift */,
				15B25DB81E6A4B6400503C03 /* ApproveEditsPage.swift */,
				1503592A1DD000DE005AD597 /* EditAccountInfo.swift */,
				153E3FF31E4FD9D600E4EF33 /* FavoriteListingPage.swift */,
				1516D1511E36BDFF009FBCB3 /* EditListing.swift */,
				15A5EED01DD6855A00F1D8A1 /* SearchAndFilter.swift */,
				154C50B21DE23C1400F39D67 /* Listing.swift */,
				7C99E8591DDFCEF000C7CE03 /* ListingTableViewCell.swift */,
				15BFB7FF1E7F4576003A6849 /* FavoriteTableViewCell.swift */,
				15BFB8031E7F45B0003A6849 /* AdminTableViewCell.swift */,
				7CF00CD31E74C30A00598169 /* LandlordTableViewCell.swift */,
				15BFB8011E7F4584003A6849 /* StudentTableViewCell.swift */,
				15BFB8051E7F45DF003A6849 /* ApproveEditTableViewCell.swift */,
				15BFB8071E7F45F3003A6849 /* ApproveNewListTableViewCell.swift */,
				15C308B31E7335C2002A8BAC /* UserTableViewCell.swift */,
				7C854E541DC400AD00E02883 /* Main.storyboard */,
				7C854E571DC400AD00E02883 /* Assets.xcassets */,
				7C854E591DC400AD00E02883 /* LaunchScreen.storyboard */,
				7C854E5C1DC400AD00E02883 /* Info.plist */,
				7C89D4E81DC993C200326666 /* GoogleService-Info.plist */,
				7C89D4E51DC97F8B00326666 /* Ocha-Bridging-Header.h */,
				7C20DED01E7230D000E1A082 /* FireUser.swift */,
			);
			path = Ocha;
			sourceTree = "<group>";
		};
		A7E8886066EE2B9CC47C4C3D /* Pods */ = {
			isa = PBXGroup;
			children = (
				9E0779C18BEFFFDCBE19F451 /* Pods-Ocha.debug.xcconfig */,
				52E3FF2C00B97A7DB8DC3C7B /* Pods-Ocha.release.xcconfig */,
			);
			name = Pods;
			sourceTree = "<group>";
		};
		C7AED9CF7539A70DE2B3ECE5 /* Frameworks */ = {
			isa = PBXGroup;
			children = (
				5B801FB41E60B79900532A1B /* MapKit.framework */,
				3E85B77C9845080382DC0D46 /* Pods_Ocha.framework */,
			);
			name = Frameworks;
			sourceTree = "<group>";
		};
/* End PBXGroup section */

/* Begin PBXNativeTarget section */
		15A039321DECEBCD00FD2101 /* OchaTests */ = {
			isa = PBXNativeTarget;
			buildConfigurationList = 15A0393A1DECEBCE00FD2101 /* Build configuration list for PBXNativeTarget "OchaTests" */;
			buildPhases = (
				15A0392F1DECEBCD00FD2101 /* Sources */,
				15A039301DECEBCD00FD2101 /* Frameworks */,
				15A039311DECEBCD00FD2101 /* Resources */,
			);
			buildRules = (
			);
			dependencies = (
				15A039391DECEBCE00FD2101 /* PBXTargetDependency */,
			);
			name = OchaTests;
			productName = OchaTests;
			productReference = 15A039331DECEBCD00FD2101 /* OchaTests.xctest */;
			productType = "com.apple.product-type.bundle.unit-test";
		};
		15A039471DED098C00FD2101 /* OchaUITests */ = {
			isa = PBXNativeTarget;
			buildConfigurationList = 15A0394F1DED098D00FD2101 /* Build configuration list for PBXNativeTarget "OchaUITests" */;
			buildPhases = (
				15A039441DED098C00FD2101 /* Sources */,
				15A039451DED098C00FD2101 /* Frameworks */,
				15A039461DED098C00FD2101 /* Resources */,
			);
			buildRules = (
			);
			dependencies = (
				15A0394E1DED098D00FD2101 /* PBXTargetDependency */,
			);
			name = OchaUITests;
			productName = OchaUITests;
			productReference = 15A039481DED098C00FD2101 /* OchaUITests.xctest */;
			productType = "com.apple.product-type.bundle.ui-testing";
		};
		7C854E4A1DC400AD00E02883 /* Ocha */ = {
			isa = PBXNativeTarget;
			buildConfigurationList = 7C854E751DC400AD00E02883 /* Build configuration list for PBXNativeTarget "Ocha" */;
			buildPhases = (
				D475A5EC17BBEA498FC7E5EA /* [CP] Check Pods Manifest.lock */,
				7C854E471DC400AD00E02883 /* Sources */,
				7C854E481DC400AD00E02883 /* Frameworks */,
				7C854E491DC400AD00E02883 /* Resources */,
				568B0A25DD60CC0B0DCFAE5B /* [CP] Embed Pods Frameworks */,
				E35952F26705AC32D8FE0AF2 /* [CP] Copy Pods Resources */,
			);
			buildRules = (
			);
			dependencies = (
			);
			name = Ocha;
			productName = Ocha;
			productReference = 7C854E4B1DC400AD00E02883 /* Ocha.app */;
			productType = "com.apple.product-type.application";
		};
/* End PBXNativeTarget section */

/* Begin PBXProject section */
		7C854E431DC400AD00E02883 /* Project object */ = {
			isa = PBXProject;
			attributes = {
				KnownAssetTags = (
					2,
				);
				LastSwiftUpdateCheck = 0810;
				LastUpgradeCheck = 0810;
				ORGANIZATIONNAME = CPSC04;
				TargetAttributes = {
					15A039321DECEBCD00FD2101 = {
						CreatedOnToolsVersion = 8.1;
						ProvisioningStyle = Automatic;
						TestTargetID = 7C854E4A1DC400AD00E02883;
					};
					15A039471DED098C00FD2101 = {
						CreatedOnToolsVersion = 8.1;
						ProvisioningStyle = Automatic;
						TestTargetID = 7C854E4A1DC400AD00E02883;
					};
					7C854E4A1DC400AD00E02883 = {
						CreatedOnToolsVersion = 8.1;
						DevelopmentTeam = R6D4CDD677;
						LastSwiftMigration = 0810;
						ProvisioningStyle = Automatic;
						SystemCapabilities = {
							com.apple.Keychain = {
								enabled = 1;
							};
						};
					};
				};
			};
			buildConfigurationList = 7C854E461DC400AD00E02883 /* Build configuration list for PBXProject "Ocha" */;
			compatibilityVersion = "Xcode 3.2";
			developmentRegion = English;
			hasScannedForEncodings = 0;
			knownRegions = (
				en,
				Base,
			);
			mainGroup = 7C854E421DC400AD00E02883;
			productRefGroup = 7C854E4C1DC400AD00E02883 /* Products */;
			projectDirPath = "";
			projectRoot = "";
			targets = (
				7C854E4A1DC400AD00E02883 /* Ocha */,
				15A039321DECEBCD00FD2101 /* OchaTests */,
				15A039471DED098C00FD2101 /* OchaUITests */,
			);
		};
/* End PBXProject section */

/* Begin PBXResourcesBuildPhase section */
		15A039311DECEBCD00FD2101 /* Resources */ = {
			isa = PBXResourcesBuildPhase;
			buildActionMask = 2147483647;
			files = (
			);
			runOnlyForDeploymentPostprocessing = 0;
		};
		15A039461DED098C00FD2101 /* Resources */ = {
			isa = PBXResourcesBuildPhase;
			buildActionMask = 2147483647;
			files = (
			);
			runOnlyForDeploymentPostprocessing = 0;
		};
		7C854E491DC400AD00E02883 /* Resources */ = {
			isa = PBXResourcesBuildPhase;
			buildActionMask = 2147483647;
			files = (
				7C854E5B1DC400AD00E02883 /* LaunchScreen.storyboard in Resources */,
				7C89D4E91DC993C200326666 /* GoogleService-Info.plist in Resources */,
				7C854E581DC400AD00E02883 /* Assets.xcassets in Resources */,
				7C854E561DC400AD00E02883 /* Main.storyboard in Resources */,
			);
			runOnlyForDeploymentPostprocessing = 0;
		};
/* End PBXResourcesBuildPhase section */

/* Begin PBXShellScriptBuildPhase section */
		568B0A25DD60CC0B0DCFAE5B /* [CP] Embed Pods Frameworks */ = {
			isa = PBXShellScriptBuildPhase;
			buildActionMask = 2147483647;
			files = (
			);
			inputPaths = (
			);
			name = "[CP] Embed Pods Frameworks";
			outputPaths = (
			);
			runOnlyForDeploymentPostprocessing = 0;
			shellPath = /bin/sh;
			shellScript = "\"${SRCROOT}/Pods/Target Support Files/Pods-Ocha/Pods-Ocha-frameworks.sh\"\n";
			showEnvVarsInLog = 0;
		};
		D475A5EC17BBEA498FC7E5EA /* [CP] Check Pods Manifest.lock */ = {
			isa = PBXShellScriptBuildPhase;
			buildActionMask = 2147483647;
			files = (
			);
			inputPaths = (
			);
			name = "[CP] Check Pods Manifest.lock";
			outputPaths = (
			);
			runOnlyForDeploymentPostprocessing = 0;
			shellPath = /bin/sh;
			shellScript = "diff \"${PODS_ROOT}/../Podfile.lock\" \"${PODS_ROOT}/Manifest.lock\" > /dev/null\nif [ $? != 0 ] ; then\n    # print error to STDERR\n    echo \"error: The sandbox is not in sync with the Podfile.lock. Run 'pod install' or update your CocoaPods installation.\" >&2\n    exit 1\nfi\n";
			showEnvVarsInLog = 0;
		};
		E35952F26705AC32D8FE0AF2 /* [CP] Copy Pods Resources */ = {
			isa = PBXShellScriptBuildPhase;
			buildActionMask = 2147483647;
			files = (
			);
			inputPaths = (
			);
			name = "[CP] Copy Pods Resources";
			outputPaths = (
			);
			runOnlyForDeploymentPostprocessing = 0;
			shellPath = /bin/sh;
			shellScript = "\"${SRCROOT}/Pods/Target Support Files/Pods-Ocha/Pods-Ocha-resources.sh\"\n";
			showEnvVarsInLog = 0;
		};
/* End PBXShellScriptBuildPhase section */

/* Begin PBXSourcesBuildPhase section */
		15A0392F1DECEBCD00FD2101 /* Sources */ = {
			isa = PBXSourcesBuildPhase;
			buildActionMask = 2147483647;
			files = (
				150E9DBF1DF2405800915C2C /* CreateListingTest.swift in Sources */,
				15A039361DECEBCE00FD2101 /* OchaTests.swift in Sources */,
				15A039411DECEEA400FD2101 /* LoginTest.swift in Sources */,
				15A039431DECF11800FD2101 /* StudentHomePageTest.swift in Sources */,
				150E9DC11DF2436600915C2C /* FavoritePageTest.swift in Sources */,
				150E9DC31DF2498A00915C2C /* SearchAndFilterTest.swift in Sources */,
			);
			runOnlyForDeploymentPostprocessing = 0;
		};
		15A039441DED098C00FD2101 /* Sources */ = {
			isa = PBXSourcesBuildPhase;
			buildActionMask = 2147483647;
			files = (
				15A0394B1DED098D00FD2101 /* OchaUITests.swift in Sources */,
				15A039531DED09A800FD2101 /* LoginUITest.swift in Sources */,
			);
			runOnlyForDeploymentPostprocessing = 0;
		};
		7C854E471DC400AD00E02883 /* Sources */ = {
			isa = PBXSourcesBuildPhase;
			buildActionMask = 2147483647;
			files = (
				7C854E531DC400AD00E02883 /* SecondViewController.swift in Sources */,
				15BFB8041E7F45B0003A6849 /* AdminTableViewCell.swift in Sources */,
				7CF00CD41E74C30A00598169 /* LandlordTableViewCell.swift in Sources */,
				153FBDBB1E68F83A008E4B41 /* ApproveNewListings.swift in Sources */,
				7C2B9F351E3C14F200F6859F /* Extensions.swift in Sources */,
				15A5EEC31DD67A2500F1D8A1 /* LandlordTabController.swift in Sources */,
				15635E581DCC0E0B003F7812 /* StudentHomePage.swift in Sources */,
				15635E5C1DCC0F2C003F7812 /* LandlordHomePage.swift in Sources */,
				15C308B61E73364A002A8BAC /* ManageUsers.swift in Sources */,
				15BFB8061E7F45DF003A6849 /* ApproveEditTableViewCell.swift in Sources */,
				7C854E4F1DC400AD00E02883 /* AppDelegate.swift in Sources */,
				15A5EED31DD6857600F1D8A1 /* FavoritesPage.swift in Sources */,
				155C36B81DC4205A00154B12 /* Login.swift in Sources */,
				15BFB8081E7F45F3003A6849 /* ApproveNewListTableViewCell.swift in Sources */,
				1516D1521E36BDFF009FBCB3 /* EditListing.swift in Sources */,
				151930381DE25D1900858B8A /* ListingPage.swift in Sources */,
				15A5EED11DD6855A00F1D8A1 /* SearchAndFilter.swift in Sources */,
				150359291DCFF719005AD597 /* AccountInfo.swift in Sources */,
				1503592D1DD03518005AD597 /* UserType.swift in Sources */,
				153FBDC11E690311008E4B41 /* ApproveNewListingPage.swift in Sources */,
				154C50B31DE23C1400F39D67 /* Listing.swift in Sources */,
				15A5EEC51DD67A2F00F1D8A1 /* AdminTabController.swift in Sources */,
				15BFB8001E7F4576003A6849 /* FavoriteTableViewCell.swift in Sources */,
				153FBDBF1E68FA69008E4B41 /* EditAdminListing.swift in Sources */,
				15E63D5A1E5FBF490090E37F /* FavoritesMap.swift in Sources */,
				15D733AC1E5CED2E001915B1 /* LandlordListingPage.swift in Sources */,
				15BFB8021E7F4584003A6849 /* StudentTableViewCell.swift in Sources */,
				15C308B41E7335C2002A8BAC /* UserTableViewCell.swift in Sources */,
				15A5EEC11DD6752100F1D8A1 /* StudentTabController.swift in Sources */,
				1503592B1DD000DE005AD597 /* EditAccountInfo.swift in Sources */,
				15B25DB91E6A4B6400503C03 /* ApproveEditsPage.swift in Sources */,
				15A0392E1DECDD9900FD2101 /* CreateListing.swift in Sources */,
				7C99E85A1DDFCEF000C7CE03 /* ListingTableViewCell.swift in Sources */,
				7C20DED11E7230D000E1A082 /* FireUser.swift in Sources */,
				7C854E511DC400AD00E02883 /* CreateAccount.swift in Sources */,
				15635E5A1DCC0F1E003F7812 /* AdminHomePage.swift in Sources */,
				153E3FF41E4FD9D600E4EF33 /* FavoriteListingPage.swift in Sources */,
				153FBDBD1E68FA13008E4B41 /* AdminListingPage.swift in Sources */,
				15B25DB71E6A4ACB00503C03 /* ApproveEdits.swift in Sources */,
			);
			runOnlyForDeploymentPostprocessing = 0;
		};
/* End PBXSourcesBuildPhase section */

/* Begin PBXTargetDependency section */
		15A039391DECEBCE00FD2101 /* PBXTargetDependency */ = {
			isa = PBXTargetDependency;
			target = 7C854E4A1DC400AD00E02883 /* Ocha */;
			targetProxy = 15A039381DECEBCE00FD2101 /* PBXContainerItemProxy */;
		};
		15A0394E1DED098D00FD2101 /* PBXTargetDependency */ = {
			isa = PBXTargetDependency;
			target = 7C854E4A1DC400AD00E02883 /* Ocha */;
			targetProxy = 15A0394D1DED098D00FD2101 /* PBXContainerItemProxy */;
		};
/* End PBXTargetDependency section */

/* Begin PBXVariantGroup section */
		7C854E541DC400AD00E02883 /* Main.storyboard */ = {
			isa = PBXVariantGroup;
			children = (
				7C854E551DC400AD00E02883 /* Base */,
			);
			name = Main.storyboard;
			sourceTree = "<group>";
		};
		7C854E591DC400AD00E02883 /* LaunchScreen.storyboard */ = {
			isa = PBXVariantGroup;
			children = (
				7C854E5A1DC400AD00E02883 /* Base */,
			);
			name = LaunchScreen.storyboard;
			sourceTree = "<group>";
		};
/* End PBXVariantGroup section */

/* Begin XCBuildConfiguration section */
		15A0393B1DECEBCE00FD2101 /* Debug */ = {
			isa = XCBuildConfiguration;
			buildSettings = {
				BUNDLE_LOADER = "$(TEST_HOST)";
				INFOPLIST_FILE = OchaTests/Info.plist;
				LD_RUNPATH_SEARCH_PATHS = "$(inherited) @executable_path/Frameworks @loader_path/Frameworks";
				PRODUCT_BUNDLE_IDENTIFIER = CPSC04.OchaTests;
				PRODUCT_NAME = "$(TARGET_NAME)";
				SWIFT_VERSION = 3.0;
				TEST_HOST = "$(BUILT_PRODUCTS_DIR)/Ocha.app/Ocha";
			};
			name = Debug;
		};
		15A0393C1DECEBCE00FD2101 /* Release */ = {
			isa = XCBuildConfiguration;
			buildSettings = {
				BUNDLE_LOADER = "$(TEST_HOST)";
				INFOPLIST_FILE = OchaTests/Info.plist;
				LD_RUNPATH_SEARCH_PATHS = "$(inherited) @executable_path/Frameworks @loader_path/Frameworks";
				PRODUCT_BUNDLE_IDENTIFIER = CPSC04.OchaTests;
				PRODUCT_NAME = "$(TARGET_NAME)";
				SWIFT_VERSION = 3.0;
				TEST_HOST = "$(BUILT_PRODUCTS_DIR)/Ocha.app/Ocha";
			};
			name = Release;
		};
		15A039501DED098D00FD2101 /* Debug */ = {
			isa = XCBuildConfiguration;
			buildSettings = {
				INFOPLIST_FILE = OchaUITests/Info.plist;
				LD_RUNPATH_SEARCH_PATHS = "$(inherited) @executable_path/Frameworks @loader_path/Frameworks";
				PRODUCT_BUNDLE_IDENTIFIER = CPSC04.OchaUITests;
				PRODUCT_NAME = "$(TARGET_NAME)";
				SWIFT_VERSION = 3.0;
				TEST_TARGET_NAME = Ocha;
			};
			name = Debug;
		};
		15A039511DED098D00FD2101 /* Release */ = {
			isa = XCBuildConfiguration;
			buildSettings = {
				INFOPLIST_FILE = OchaUITests/Info.plist;
				LD_RUNPATH_SEARCH_PATHS = "$(inherited) @executable_path/Frameworks @loader_path/Frameworks";
				PRODUCT_BUNDLE_IDENTIFIER = CPSC04.OchaUITests;
				PRODUCT_NAME = "$(TARGET_NAME)";
				SWIFT_VERSION = 3.0;
				TEST_TARGET_NAME = Ocha;
			};
			name = Release;
		};
		7C854E731DC400AD00E02883 /* Debug */ = {
			isa = XCBuildConfiguration;
			buildSettings = {
				ALWAYS_EMBED_SWIFT_STANDARD_LIBRARIES = YES;
				ALWAYS_SEARCH_USER_PATHS = NO;
				CLANG_ANALYZER_NONNULL = YES;
				CLANG_CXX_LANGUAGE_STANDARD = "gnu++0x";
				CLANG_CXX_LIBRARY = "libc++";
				CLANG_ENABLE_MODULES = YES;
				CLANG_ENABLE_OBJC_ARC = YES;
				CLANG_WARN_BOOL_CONVERSION = YES;
				CLANG_WARN_CONSTANT_CONVERSION = YES;
				CLANG_WARN_DIRECT_OBJC_ISA_USAGE = YES_ERROR;
				CLANG_WARN_DOCUMENTATION_COMMENTS = YES;
				CLANG_WARN_EMPTY_BODY = YES;
				CLANG_WARN_ENUM_CONVERSION = YES;
				CLANG_WARN_INFINITE_RECURSION = YES;
				CLANG_WARN_INT_CONVERSION = YES;
				CLANG_WARN_OBJC_ROOT_CLASS = YES_ERROR;
				CLANG_WARN_SUSPICIOUS_MOVES = YES;
				CLANG_WARN_UNREACHABLE_CODE = YES;
				CLANG_WARN__DUPLICATE_METHOD_MATCH = YES;
				"CODE_SIGN_IDENTITY[sdk=iphoneos*]" = "iPhone Developer";
				COPY_PHASE_STRIP = NO;
				DEBUG_INFORMATION_FORMAT = dwarf;
				ENABLE_STRICT_OBJC_MSGSEND = YES;
				ENABLE_TESTABILITY = YES;
				GCC_C_LANGUAGE_STANDARD = gnu99;
				GCC_DYNAMIC_NO_PIC = NO;
				GCC_NO_COMMON_BLOCKS = YES;
				GCC_OPTIMIZATION_LEVEL = 0;
				GCC_PREPROCESSOR_DEFINITIONS = (
					"DEBUG=1",
					"$(inherited)",
				);
				GCC_WARN_64_TO_32_BIT_CONVERSION = YES;
				GCC_WARN_ABOUT_RETURN_TYPE = YES_ERROR;
				GCC_WARN_UNDECLARED_SELECTOR = YES;
				GCC_WARN_UNINITIALIZED_AUTOS = YES_AGGRESSIVE;
				GCC_WARN_UNUSED_FUNCTION = YES;
				GCC_WARN_UNUSED_VARIABLE = YES;
				IPHONEOS_DEPLOYMENT_TARGET = 10.1;
				MTL_ENABLE_DEBUG_INFO = YES;
				ONLY_ACTIVE_ARCH = YES;
				SDKROOT = iphoneos;
				SWIFT_ACTIVE_COMPILATION_CONDITIONS = DEBUG;
				SWIFT_OPTIMIZATION_LEVEL = "-Onone";
				TARGETED_DEVICE_FAMILY = "1,2";
			};
			name = Debug;
		};
		7C854E741DC400AD00E02883 /* Release */ = {
			isa = XCBuildConfiguration;
			buildSettings = {
				ALWAYS_EMBED_SWIFT_STANDARD_LIBRARIES = YES;
				ALWAYS_SEARCH_USER_PATHS = NO;
				CLANG_ANALYZER_NONNULL = YES;
				CLANG_CXX_LANGUAGE_STANDARD = "gnu++0x";
				CLANG_CXX_LIBRARY = "libc++";
				CLANG_ENABLE_MODULES = YES;
				CLANG_ENABLE_OBJC_ARC = YES;
				CLANG_WARN_BOOL_CONVERSION = YES;
				CLANG_WARN_CONSTANT_CONVERSION = YES;
				CLANG_WARN_DIRECT_OBJC_ISA_USAGE = YES_ERROR;
				CLANG_WARN_DOCUMENTATION_COMMENTS = YES;
				CLANG_WARN_EMPTY_BODY = YES;
				CLANG_WARN_ENUM_CONVERSION = YES;
				CLANG_WARN_INFINITE_RECURSION = YES;
				CLANG_WARN_INT_CONVERSION = YES;
				CLANG_WARN_OBJC_ROOT_CLASS = YES_ERROR;
				CLANG_WARN_SUSPICIOUS_MOVES = YES;
				CLANG_WARN_UNREACHABLE_CODE = YES;
				CLANG_WARN__DUPLICATE_METHOD_MATCH = YES;
				"CODE_SIGN_IDENTITY[sdk=iphoneos*]" = "iPhone Developer";
				COPY_PHASE_STRIP = NO;
				DEBUG_INFORMATION_FORMAT = "dwarf-with-dsym";
				ENABLE_NS_ASSERTIONS = NO;
				ENABLE_STRICT_OBJC_MSGSEND = YES;
				GCC_C_LANGUAGE_STANDARD = gnu99;
				GCC_NO_COMMON_BLOCKS = YES;
				GCC_WARN_64_TO_32_BIT_CONVERSION = YES;
				GCC_WARN_ABOUT_RETURN_TYPE = YES_ERROR;
				GCC_WARN_UNDECLARED_SELECTOR = YES;
				GCC_WARN_UNINITIALIZED_AUTOS = YES_AGGRESSIVE;
				GCC_WARN_UNUSED_FUNCTION = YES;
				GCC_WARN_UNUSED_VARIABLE = YES;
				IPHONEOS_DEPLOYMENT_TARGET = 10.1;
				MTL_ENABLE_DEBUG_INFO = NO;
				SDKROOT = iphoneos;
				SWIFT_OPTIMIZATION_LEVEL = "-Owholemodule";
				TARGETED_DEVICE_FAMILY = "1,2";
				VALIDATE_PRODUCT = YES;
			};
			name = Release;
		};
		7C854E761DC400AD00E02883 /* Debug */ = {
			isa = XCBuildConfiguration;
			baseConfigurationReference = 9E0779C18BEFFFDCBE19F451 /* Pods-Ocha.debug.xcconfig */;
			buildSettings = {
				ALWAYS_EMBED_SWIFT_STANDARD_LIBRARIES = YES;
				ASSETCATALOG_COMPILER_APPICON_NAME = AppIcon;
				CLANG_ENABLE_MODULES = YES;
				CODE_SIGN_ENTITLEMENTS = Ocha/Ocha.entitlements;
				"CODE_SIGN_IDENTITY[sdk=iphoneos*]" = "iPhone Developer";
				DEVELOPMENT_TEAM = R6D4CDD677;
				INFOPLIST_FILE = Ocha/Info.plist;
				IPHONEOS_DEPLOYMENT_TARGET = 10.0;
				LD_RUNPATH_SEARCH_PATHS = "$(inherited) @executable_path/Frameworks";
				PRODUCT_BUNDLE_IDENTIFIER = com.CPSC04.Ocha;
				PRODUCT_NAME = "$(TARGET_NAME)";
				SWIFT_OBJC_BRIDGING_HEADER = "Ocha/Ocha-Bridging-Header.h";
				SWIFT_OPTIMIZATION_LEVEL = "-Onone";
				SWIFT_VERSION = 3.0;
			};
			name = Debug;
		};
		7C854E771DC400AD00E02883 /* Release */ = {
			isa = XCBuildConfiguration;
			baseConfigurationReference = 52E3FF2C00B97A7DB8DC3C7B /* Pods-Ocha.release.xcconfig */;
			buildSettings = {
				ALWAYS_EMBED_SWIFT_STANDARD_LIBRARIES = YES;
				ASSETCATALOG_COMPILER_APPICON_NAME = AppIcon;
				CLANG_ENABLE_MODULES = YES;
				CODE_SIGN_ENTITLEMENTS = Ocha/Ocha.entitlements;
				"CODE_SIGN_IDENTITY[sdk=iphoneos*]" = "iPhone Developer";
				DEVELOPMENT_TEAM = R6D4CDD677;
				INFOPLIST_FILE = Ocha/Info.plist;
				IPHONEOS_DEPLOYMENT_TARGET = 10.0;
				LD_RUNPATH_SEARCH_PATHS = "$(inherited) @executable_path/Frameworks";
				PRODUCT_BUNDLE_IDENTIFIER = com.CPSC04.Ocha;
				PRODUCT_NAME = "$(TARGET_NAME)";
				SWIFT_OBJC_BRIDGING_HEADER = "Ocha/Ocha-Bridging-Header.h";
				SWIFT_VERSION = 3.0;
			};
			name = Release;
		};
/* End XCBuildConfiguration section */

/* Begin XCConfigurationList section */
		15A0393A1DECEBCE00FD2101 /* Build configuration list for PBXNativeTarget "OchaTests" */ = {
			isa = XCConfigurationList;
			buildConfigurations = (
				15A0393B1DECEBCE00FD2101 /* Debug */,
				15A0393C1DECEBCE00FD2101 /* Release */,
			);
			defaultConfigurationIsVisible = 0;
			defaultConfigurationName = Release;
		};
		15A0394F1DED098D00FD2101 /* Build configuration list for PBXNativeTarget "OchaUITests" */ = {
			isa = XCConfigurationList;
			buildConfigurations = (
				15A039501DED098D00FD2101 /* Debug */,
				15A039511DED098D00FD2101 /* Release */,
			);
			defaultConfigurationIsVisible = 0;
			defaultConfigurationName = Release;
		};
		7C854E461DC400AD00E02883 /* Build configuration list for PBXProject "Ocha" */ = {
			isa = XCConfigurationList;
			buildConfigurations = (
				7C854E731DC400AD00E02883 /* Debug */,
				7C854E741DC400AD00E02883 /* Release */,
			);
			defaultConfigurationIsVisible = 0;
			defaultConfigurationName = Release;
		};
		7C854E751DC400AD00E02883 /* Build configuration list for PBXNativeTarget "Ocha" */ = {
			isa = XCConfigurationList;
			buildConfigurations = (
				7C854E761DC400AD00E02883 /* Debug */,
				7C854E771DC400AD00E02883 /* Release */,
			);
			defaultConfigurationIsVisible = 0;
			defaultConfigurationName = Release;
		};
/* End XCConfigurationList section */
	};
	rootObject = 7C854E431DC400AD00E02883 /* Project object */;
}
